
Microsoft Visual Studio Solution File, Format Version 12.00
# Visual Studio Version 16
VisualStudioVersion = 16.0.33423.256
MinimumVisualStudioVersion = 10.0.40219.1
Project("{FAE04EC0-301F-11D3-BF4B-00C04F79EFBC}") = "SpaceLaunch", "SpaceLaunch.csproj", "{49004B82-8ABA-4771-A06D-99A60EA9718B}"
EndProject
Global
	GlobalSection(SolutionConfigurationPlatforms) = preSolution
		Debug|Any CPU = Debug|Any CPU
		Release|Any CPU = Release|Any CPU
	EndGlobalSection
	GlobalSection(ProjectConfigurationPlatforms) = postSolution
		{49004B82-8ABA-4771-A06D-99A60EA9718B}.Debug|Any CPU.ActiveCfg = Debug|Any CPU
		{49004B82-8ABA-4771-A06D-99A60EA9718B}.Debug|Any CPU.Build.0 = Debug|Any CPU
		{49004B82-8ABA-4771-A06D-99A60EA9718B}.Release|Any CPU.ActiveCfg = Release|Any CPU
		{49004B82-8ABA-4771-A06D-99A60EA9718B}.Release|Any CPU.Build.0 = Release|Any CPU
	EndGlobalSection
	GlobalSection(SolutionProperties) = preSolution
		HideSolutionNode = FALSE
	EndGlobalSection
	GlobalSection(ExtensibilityGlobals) = postSolution
		SolutionGuid = {D2644BD5-8625-4FA3-A8A7-A19E977878BE}
	EndGlobalSection
EndGlobal
